
Microsoft Visual Studio Solution File, Format Version 12.00
# Visual Studio 15
VisualStudioVersion = 15.0.28307.489
MinimumVisualStudioVersion = 10.0.40219.1
Project("{9A19103F-16F7-4668-BE54-9A1E7A4F7556}") = "EQ.WebAPI", "EQ.WebAPI\EQ.WebAPI.csproj", "{3BA96A5C-2807-49C1-B443-337F6A10D495}"
EndProject
Project("{2150E333-8FDC-42A3-9474-1A3956D46DE8}") = "EQ.DAL", "EQ.DAL", "{4BFCADC1-F5E7-47E0-ABA8-700AFC49CCC3}"
EndProject
Project("{2150E333-8FDC-42A3-9474-1A3956D46DE8}") = "EQ.BLL", "EQ.BLL", "{ADCF5970-2F47-40C4-AB50-4200EA43D522}"
EndProject
Project("{2150E333-8FDC-42A3-9474-1A3956D46DE8}") = "EQ.Identity", "EQ.Identity", "{4F8C600E-6569-4295-A765-2C0B1BB2096A}"
EndProject
Project("{FAE04EC0-301F-11D3-BF4B-00C04F79EFBC}") = "EQ.DAL.Domain", "EQ.DAL.Domain\EQ.DAL.Domain.csproj", "{BD2B2EB0-8DBC-46C6-99EE-04922AF3991F}"
EndProject
Project("{FAE04EC0-301F-11D3-BF4B-00C04F79EFBC}") = "EQ.DAL.Interfaces", "EQ.DAL.Interfaces\EQ.DAL.Interfaces.csproj", "{63E3D5BB-A09B-4ACE-B129-9CC32C315547}"
EndProject
Project("{FAE04EC0-301F-11D3-BF4B-00C04F79EFBC}") = "EQ.DAL.Infrastructure", "EQ.DAL.Infrastructure\EQ.DAL.Infrastructure.csproj", "{7B9D965E-7D05-4450-930C-2C8F776A8F22}"
EndProject
Project("{FAE04EC0-301F-11D3-BF4B-00C04F79EFBC}") = "EQ.DAL.Implementation.EFCore", "EQ.DAL.Implementation.EFCore\EQ.DAL.Implementation.EFCore.csproj", "{83E9FA21-AEEA-4A96-B621-11B9D772E22B}"
EndProject
Project("{FAE04EC0-301F-11D3-BF4B-00C04F79EFBC}") = "EQ.BLL.Interfaces", "EQ.BLL.Interfaces\EQ.BLL.Interfaces.csproj", "{D7196F9A-FAA6-4FC9-89B5-4710FFCB57ED}"
EndProject
Project("{FAE04EC0-301F-11D3-BF4B-00C04F79EFBC}") = "EQ.BLL.Implementation", "EQ.BLL.Implementation\EQ.BLL.Implementation.csproj", "{7A16227B-37E7-4835-A39E-5DB86DF83486}"
EndProject
Project("{FAE04EC0-301F-11D3-BF4B-00C04F79EFBC}") = "EQ.Identity.Interfaces", "EQ.Identity.Interfaces\EQ.Identity.Interfaces.csproj", "{5F08417F-043D-4ACA-B98D-0E6CD2947B1E}"
EndProject
Project("{FAE04EC0-301F-11D3-BF4B-00C04F79EFBC}") = "EQ.Identity.Implementation.Auth0", "EQ.Identity.Implementation.Auth0\EQ.Identity.Implementation.Auth0.csproj", "{CA080AC9-A484-42CF-9317-4D8646669DB2}"
EndProject
Global
	GlobalSection(SolutionConfigurationPlatforms) = preSolution
		Debug|Any CPU = Debug|Any CPU
		Release|Any CPU = Release|Any CPU
	EndGlobalSection
	GlobalSection(ProjectConfigurationPlatforms) = postSolution
		{3BA96A5C-2807-49C1-B443-337F6A10D495}.Debug|Any CPU.ActiveCfg = Debug|Any CPU
		{3BA96A5C-2807-49C1-B443-337F6A10D495}.Debug|Any CPU.Build.0 = Debug|Any CPU
		{3BA96A5C-2807-49C1-B443-337F6A10D495}.Release|Any CPU.ActiveCfg = Release|Any CPU
		{3BA96A5C-2807-49C1-B443-337F6A10D495}.Release|Any CPU.Build.0 = Release|Any CPU
		{BD2B2EB0-8DBC-46C6-99EE-04922AF3991F}.Debug|Any CPU.ActiveCfg = Debug|Any CPU
		{BD2B2EB0-8DBC-46C6-99EE-04922AF3991F}.Debug|Any CPU.Build.0 = Debug|Any CPU
		{BD2B2EB0-8DBC-46C6-99EE-04922AF3991F}.Release|Any CPU.ActiveCfg = Release|Any CPU
		{BD2B2EB0-8DBC-46C6-99EE-04922AF3991F}.Release|Any CPU.Build.0 = Release|Any CPU
		{63E3D5BB-A09B-4ACE-B129-9CC32C315547}.Debug|Any CPU.ActiveCfg = Debug|Any CPU
		{63E3D5BB-A09B-4ACE-B129-9CC32C315547}.Debug|Any CPU.Build.0 = Debug|Any CPU
		{63E3D5BB-A09B-4ACE-B129-9CC32C315547}.Release|Any CPU.ActiveCfg = Release|Any CPU
		{63E3D5BB-A09B-4ACE-B129-9CC32C315547}.Release|Any CPU.Build.0 = Release|Any CPU
		{7B9D965E-7D05-4450-930C-2C8F776A8F22}.Debug|Any CPU.ActiveCfg = Debug|Any CPU
		{7B9D965E-7D05-4450-930C-2C8F776A8F22}.Debug|Any CPU.Build.0 = Debug|Any CPU
		{7B9D965E-7D05-4450-930C-2C8F776A8F22}.Release|Any CPU.ActiveCfg = Release|Any CPU
		{7B9D965E-7D05-4450-930C-2C8F776A8F22}.Release|Any CPU.Build.0 = Release|Any CPU
		{83E9FA21-AEEA-4A96-B621-11B9D772E22B}.Debug|Any CPU.ActiveCfg = Debug|Any CPU
		{83E9FA21-AEEA-4A96-B621-11B9D772E22B}.Debug|Any CPU.Build.0 = Debug|Any CPU
		{83E9FA21-AEEA-4A96-B621-11B9D772E22B}.Release|Any CPU.ActiveCfg = Release|Any CPU
		{83E9FA21-AEEA-4A96-B621-11B9D772E22B}.Release|Any CPU.Build.0 = Release|Any CPU
		{D7196F9A-FAA6-4FC9-89B5-4710FFCB57ED}.Debug|Any CPU.ActiveCfg = Debug|Any CPU
		{D7196F9A-FAA6-4FC9-89B5-4710FFCB57ED}.Debug|Any CPU.Build.0 = Debug|Any CPU
		{D7196F9A-FAA6-4FC9-89B5-4710FFCB57ED}.Release|Any CPU.ActiveCfg = Release|Any CPU
		{D7196F9A-FAA6-4FC9-89B5-4710FFCB57ED}.Release|Any CPU.Build.0 = Release|Any CPU
		{7A16227B-37E7-4835-A39E-5DB86DF83486}.Debug|Any CPU.ActiveCfg = Debug|Any CPU
		{7A16227B-37E7-4835-A39E-5DB86DF83486}.Debug|Any CPU.Build.0 = Debug|Any CPU
		{7A16227B-37E7-4835-A39E-5DB86DF83486}.Release|Any CPU.ActiveCfg = Release|Any CPU
		{7A16227B-37E7-4835-A39E-5DB86DF83486}.Release|Any CPU.Build.0 = Release|Any CPU
		{5F08417F-043D-4ACA-B98D-0E6CD2947B1E}.Debug|Any CPU.ActiveCfg = Debug|Any CPU
		{5F08417F-043D-4ACA-B98D-0E6CD2947B1E}.Debug|Any CPU.Build.0 = Debug|Any CPU
		{5F08417F-043D-4ACA-B98D-0E6CD2947B1E}.Release|Any CPU.ActiveCfg = Release|Any CPU
		{5F08417F-043D-4ACA-B98D-0E6CD2947B1E}.Release|Any CPU.Build.0 = Release|Any CPU
		{CA080AC9-A484-42CF-9317-4D8646669DB2}.Debug|Any CPU.ActiveCfg = Debug|Any CPU
		{CA080AC9-A484-42CF-9317-4D8646669DB2}.Debug|Any CPU.Build.0 = Debug|Any CPU
		{CA080AC9-A484-42CF-9317-4D8646669DB2}.Release|Any CPU.ActiveCfg = Release|Any CPU
		{CA080AC9-A484-42CF-9317-4D8646669DB2}.Release|Any CPU.Build.0 = Release|Any CPU
	EndGlobalSection
	GlobalSection(SolutionProperties) = preSolution
		HideSolutionNode = FALSE
	EndGlobalSection
	GlobalSection(NestedProjects) = preSolution
		{BD2B2EB0-8DBC-46C6-99EE-04922AF3991F} = {4BFCADC1-F5E7-47E0-ABA8-700AFC49CCC3}
		{63E3D5BB-A09B-4ACE-B129-9CC32C315547} = {4BFCADC1-F5E7-47E0-ABA8-700AFC49CCC3}
		{7B9D965E-7D05-4450-930C-2C8F776A8F22} = {4BFCADC1-F5E7-47E0-ABA8-700AFC49CCC3}
		{83E9FA21-AEEA-4A96-B621-11B9D772E22B} = {4BFCADC1-F5E7-47E0-ABA8-700AFC49CCC3}
		{D7196F9A-FAA6-4FC9-89B5-4710FFCB57ED} = {ADCF5970-2F47-40C4-AB50-4200EA43D522}
		{7A16227B-37E7-4835-A39E-5DB86DF83486} = {ADCF5970-2F47-40C4-AB50-4200EA43D522}
		{5F08417F-043D-4ACA-B98D-0E6CD2947B1E} = {4F8C600E-6569-4295-A765-2C0B1BB2096A}
		{CA080AC9-A484-42CF-9317-4D8646669DB2} = {4F8C600E-6569-4295-A765-2C0B1BB2096A}
	EndGlobalSection
	GlobalSection(ExtensibilityGlobals) = postSolution
		SolutionGuid = {0C7B7813-6971-4209-8AF7-407917E3DDC1}
	EndGlobalSection
EndGlobal
